{
  "name": "@com.cathaypacific.teams.nte/ai-sdk-samples",
  "version": "1.0.0",
  "lockfileVersion": 3,
  "requires": true,
  "packages": {
    "": {
      "name": "@com.cathaypacific.teams.nte/ai-sdk-samples",
      "version": "1.0.0",
      "license": "UNLICENSED",
      "devDependencies": {
        "dotenv": "^16.4.5"
      }
    },
    "..": {
      "name": "@com.cathaypacific.teams.nte/ai-sdk-node",
      "version": "1.1.2",
      "extraneous": true,
      "license": "UNLICENSED",
      "dependencies": {
        "@azure/identity": "^4.4.1",
        "@elastic/elasticsearch": "^8.15.0",
        "@langchain/openai": "^0.2.8",
        "@langchain/textsplitters": "^0.0.3",
        "@microsoft/kiota-authentication-azure": "^1.0.0-preview.54",
        "@microsoft/msgraph-sdk": "^1.0.0-preview.26",
        "@microsoft/msgraph-sdk-drives": "^1.0.0-preview.26",
        "@microsoft/msgraph-sdk-users": "^1.0.0-preview.26",
        "@sparticuz/chromium": "^123.0.1",
        "@types/pino": "^7.0.4",
        "axios": "^1.7.5",
        "cheerio": "^1.0.0",
        "dayjs": "^1.11.13",
        "lodash": "^4.17.21",
        "openai": "^4.56.1",
        "pdf-parse-debugging-disabled": "^1.1.1",
        "pino": "^9.4.0",
        "puppeteer": "^22.7.1",
        "puppeteer-extra": "^3.3.6",
        "puppeteer-extra-plugin-stealth": "^2.11.2",
        "tiktoken": "^1.0.16"
      },
      "devDependencies": {
        "@elastic/elasticsearch-mock": "^2.0.0",
        "@eslint/js": "^9.9.1",
        "@types/chai": "^4.3.19",
        "@types/lodash": "^4.17.7",
        "@types/mocha": "^10.0.7",
        "@types/node": "^22.2.0",
        "@types/sinon": "^17.0.3",
        "chai": "^5.1.1",
        "dotenv": "^16.4.5",
        "eslint": "^9.9.1",
        "globals": "^15.9.0",
        "mocha": "^7.2.0",
        "nyc": "^17.1.0",
        "rimraf": "^6.0.1",
        "sinon": "^18.0.0",
        "tslib": "^2.6.3",
        "tsup": "^8.3.0",
        "tsx": "^4.19.0",
        "typescript-eslint": "^8.4.0"
      },
      "optionalDependencies": {
        "@rollup/rollup-linux-x64-gnu": "^4.24.0"
      }
    },
    "node_modules/dotenv": {
      "version": "16.4.5",
      "resolved": "https://artifactory.cathaypacific.com/artifactory/api/npm/npm-common/dotenv/-/dotenv-16.4.5.tgz",
      "integrity": "sha1-zdOztgTLMn4oa0di4TUC9xfLCZ8=",
      "dev": true,
      "license": "BSD-2-Clause",
      "engines": {
        "node": ">=12"
      },
      "funding": {
        "url": "https://dotenvx.com"
      }
    }
  }
}
